
Microsoft Visual Studio Solution File, Format Version 12.00
# Visual Studio Version 17
VisualStudioVersion = 17.3.32819.101
MinimumVisualStudioVersion = 10.0.40219.1
Project("{FAE04EC0-301F-11D3-BF4B-00C04F79EFBC}") = "CSharpWinFormProjects", "CSharpWinFormProjects.csproj", "{8C53BAA9-894F-4419-8DD0-5AC09D920996}"
EndProject
Global
	GlobalSection(SolutionConfigurationPlatforms) = preSolution
		Debug|Any CPU = Debug|Any CPU
		Release|Any CPU = Release|Any CPU
	EndGlobalSection
	GlobalSection(ProjectConfigurationPlatforms) = postSolution
		{8C53BAA9-894F-4419-8DD0-5AC09D920996}.Debug|Any CPU.ActiveCfg = Debug|Any CPU
		{8C53BAA9-894F-4419-8DD0-5AC09D920996}.Debug|Any CPU.Build.0 = Debug|Any CPU
		{8C53BAA9-894F-4419-8DD0-5AC09D920996}.Release|Any CPU.ActiveCfg = Release|Any CPU
		{8C53BAA9-894F-4419-8DD0-5AC09D920996}.Release|Any CPU.Build.0 = Release|Any CPU
	EndGlobalSection
	GlobalSection(SolutionProperties) = preSolution
		HideSolutionNode = FALSE
	EndGlobalSection
	GlobalSection(ExtensibilityGlobals) = postSolution
		SolutionGuid = {BE74EAE1-EAD1-4644-941F-EDB5ED43C96D}
	EndGlobalSection
EndGlobal
